# Written by 'cc-guides render' — do not edit.
schema = 1
version = "0.1.45"
artifacts = [".claude/settings.json", ".gitignore", ".mcp.json", "AGENTS.md", "CLAUDE.md", "scripts/test.sh", "templates/gen-version-xcconfig.sh"]

[sources.cc-skills]
spec = "github:yasyf/cc-skills@main"
commit = "a7fd28ed018a4c53a161f2aefc05a9dd0b979150"
