# Written by 'cc-guides render' — do not edit.
schema = 1
version = "0.1.53"
artifacts = [".claude/settings.json", ".gitignore", ".mcp.json", "AGENTS.md", "CLAUDE.md", "scripts/test.sh", "templates/gen-version-xcconfig.sh"]

[sources.cc-skills]
spec = "github:yasyf/cc-skills@main"
commit = "18c197eb8c67e501198e1247b4dafa4b7562fea4"
